
Microsoft Visual Studio Solution File, Format Version 12.00
# Visual Studio 14
VisualStudioVersion = 14.0.25420.1
MinimumVisualStudioVersion = 10.0.40219.1
Project("{FAE04EC0-301F-11D3-BF4B-00C04F79EFBC}") = "SKE48PlusViewer1.Droid", "SKE48PlusViewer1\SKE48PlusViewer1.Droid\SKE48PlusViewer1.Droid.csproj", "{10416FEE-1E48-4B7C-B692-989F02CB8A5D}"
EndProject
Project("{FAE04EC0-301F-11D3-BF4B-00C04F79EFBC}") = "SKE48PlusViewer1.iOS", "SKE48PlusViewer1\SKE48PlusViewer1.iOS\SKE48PlusViewer1.iOS.csproj", "{3AF7FC35-4417-4B35-9D99-25FFE7D9E564}"
EndProject
Project("{FAE04EC0-301F-11D3-BF4B-00C04F79EFBC}") = "SKE48PlusViewer1.WinPhone", "SKE48PlusViewer1\SKE48PlusViewer1.WinPhone\SKE48PlusViewer1.WinPhone.csproj", "{ACC31079-D632-4CA6-AC3C-54DE0E3960CF}"
EndProject
Project("{FAE04EC0-301F-11D3-BF4B-00C04F79EFBC}") = "SKE48PlusViewer1.UWP", "SKE48PlusViewer1\SKE48PlusViewer1.UWP\SKE48PlusViewer1.UWP.csproj", "{DDA96AC5-1CE6-4810-9421-8627B679F1AB}"
EndProject
Project("{FAE04EC0-301F-11D3-BF4B-00C04F79EFBC}") = "SKE48PlusViewer1.Windows", "SKE48PlusViewer1\SKE48PlusViewer1.Windows\SKE48PlusViewer1.Windows.csproj", "{98676EF5-6FD3-4ED8-A0B5-D656A032C197}"
EndProject
Project("{FAE04EC0-301F-11D3-BF4B-00C04F79EFBC}") = "SKE48PlusViewer1", "SKE48PlusViewer1\SKE48PlusViewer1\SKE48PlusViewer1.csproj", "{36F78299-6D16-4787-887A-C2A14249166D}"
EndProject
Project("{FAE04EC0-301F-11D3-BF4B-00C04F79EFBC}") = "UITest1", "UITest1\UITest1.csproj", "{56D73D2B-D9C1-4B62-9089-F1294F7C3794}"
EndProject
Global
	GlobalSection(SolutionConfigurationPlatforms) = preSolution
		Ad-Hoc|Any CPU = Ad-Hoc|Any CPU
		Ad-Hoc|ARM = Ad-Hoc|ARM
		Ad-Hoc|iPhone = Ad-Hoc|iPhone
		Ad-Hoc|iPhoneSimulator = Ad-Hoc|iPhoneSimulator
		Ad-Hoc|x64 = Ad-Hoc|x64
		Ad-Hoc|x86 = Ad-Hoc|x86
		AppStore|Any CPU = AppStore|Any CPU
		AppStore|ARM = AppStore|ARM
		AppStore|iPhone = AppStore|iPhone
		AppStore|iPhoneSimulator = AppStore|iPhoneSimulator
		AppStore|x64 = AppStore|x64
		AppStore|x86 = AppStore|x86
		Debug|Any CPU = Debug|Any CPU
		Debug|ARM = Debug|ARM
		Debug|iPhone = Debug|iPhone
		Debug|iPhoneSimulator = Debug|iPhoneSimulator
		Debug|x64 = Debug|x64
		Debug|x86 = Debug|x86
		Release|Any CPU = Release|Any CPU
		Release|ARM = Release|ARM
		Release|iPhone = Release|iPhone
		Release|iPhoneSimulator = Release|iPhoneSimulator
		Release|x64 = Release|x64
		Release|x86 = Release|x86
	EndGlobalSection
	GlobalSection(ProjectConfigurationPlatforms) = postSolution
		{10416FEE-1E48-4B7C-B692-989F02CB8A5D}.Ad-Hoc|Any CPU.ActiveCfg = Release|Any CPU
		{10416FEE-1E48-4B7C-B692-989F02CB8A5D}.Ad-Hoc|Any CPU.Build.0 = Release|Any CPU
		{10416FEE-1E48-4B7C-B692-989F02CB8A5D}.Ad-Hoc|Any CPU.Deploy.0 = Release|Any CPU
		{10416FEE-1E48-4B7C-B692-989F02CB8A5D}.Ad-Hoc|ARM.ActiveCfg = Release|Any CPU
		{10416FEE-1E48-4B7C-B692-989F02CB8A5D}.Ad-Hoc|ARM.Build.0 = Release|Any CPU
		{10416FEE-1E48-4B7C-B692-989F02CB8A5D}.Ad-Hoc|ARM.Deploy.0 = Release|Any CPU
		{10416FEE-1E48-4B7C-B692-989F02CB8A5D}.Ad-Hoc|iPhone.ActiveCfg = Release|Any CPU
		{10416FEE-1E48-4B7C-B692-989F02CB8A5D}.Ad-Hoc|iPhone.Build.0 = Release|Any CPU
		{10416FEE-1E48-4B7C-B692-989F02CB8A5D}.Ad-Hoc|iPhone.Deploy.0 = Release|Any CPU
		{10416FEE-1E48-4B7C-B692-989F02CB8A5D}.Ad-Hoc|iPhoneSimulator.ActiveCfg = Release|Any CPU
		{10416FEE-1E48-4B7C-B692-989F02CB8A5D}.Ad-Hoc|iPhoneSimulator.Build.0 = Release|Any CPU
		{10416FEE-1E48-4B7C-B692-989F02CB8A5D}.Ad-Hoc|iPhoneSimulator.Deploy.0 = Release|Any CPU
		{10416FEE-1E48-4B7C-B692-989F02CB8A5D}.Ad-Hoc|x64.ActiveCfg = Release|Any CPU
		{10416FEE-1E48-4B7C-B692-989F02CB8A5D}.Ad-Hoc|x64.Build.0 = Release|Any CPU
		{10416FEE-1E48-4B7C-B692-989F02CB8A5D}.Ad-Hoc|x64.Deploy.0 = Release|Any CPU
		{10416FEE-1E48-4B7C-B692-989F02CB8A5D}.Ad-Hoc|x86.ActiveCfg = Release|Any CPU
		{10416FEE-1E48-4B7C-B692-989F02CB8A5D}.Ad-Hoc|x86.Build.0 = Release|Any CPU
		{10416FEE-1E48-4B7C-B692-989F02CB8A5D}.Ad-Hoc|x86.Deploy.0 = Release|Any CPU
		{10416FEE-1E48-4B7C-B692-989F02CB8A5D}.AppStore|Any CPU.ActiveCfg = Release|Any CPU
		{10416FEE-1E48-4B7C-B692-989F02CB8A5D}.AppStore|Any CPU.Build.0 = Release|Any CPU
		{10416FEE-1E48-4B7C-B692-989F02CB8A5D}.AppStore|Any CPU.Deploy.0 = Release|Any CPU
		{10416FEE-1E48-4B7C-B692-989F02CB8A5D}.AppStore|ARM.ActiveCfg = Release|Any CPU
		{10416FEE-1E48-4B7C-B692-989F02CB8A5D}.AppStore|ARM.Build.0 = Release|Any CPU
		{10416FEE-1E48-4B7C-B692-989F02CB8A5D}.AppStore|ARM.Deploy.0 = Release|Any CPU
		{10416FEE-1E48-4B7C-B692-989F02CB8A5D}.AppStore|iPhone.ActiveCfg = Release|Any CPU
		{10416FEE-1E48-4B7C-B692-989F02CB8A5D}.AppStore|iPhone.Build.0 = Release|Any CPU
		{10416FEE-1E48-4B7C-B692-989F02CB8A5D}.AppStore|iPhone.Deploy.0 = Release|Any CPU
		{10416FEE-1E48-4B7C-B692-989F02CB8A5D}.AppStore|iPhoneSimulator.ActiveCfg = Release|Any CPU
		{10416FEE-1E48-4B7C-B692-989F02CB8A5D}.AppStore|iPhoneSimulator.Build.0 = Release|Any CPU
		{10416FEE-1E48-4B7C-B692-989F02CB8A5D}.AppStore|iPhoneSimulator.Deploy.0 = Release|Any CPU
		{10416FEE-1E48-4B7C-B692-989F02CB8A5D}.AppStore|x64.ActiveCfg = Release|Any CPU
		{10416FEE-1E48-4B7C-B692-989F02CB8A5D}.AppStore|x64.Build.0 = Release|Any CPU
		{10416FEE-1E48-4B7C-B692-989F02CB8A5D}.AppStore|x64.Deploy.0 = Release|Any CPU
		{10416FEE-1E48-4B7C-B692-989F02CB8A5D}.AppStore|x86.ActiveCfg = Release|Any CPU
		{10416FEE-1E48-4B7C-B692-989F02CB8A5D}.AppStore|x86.Build.0 = Release|Any CPU
		{10416FEE-1E48-4B7C-B692-989F02CB8A5D}.AppStore|x86.Deploy.0 = Release|Any CPU
		{10416FEE-1E48-4B7C-B692-989F02CB8A5D}.Debug|Any CPU.ActiveCfg = Debug|Any CPU
		{10416FEE-1E48-4B7C-B692-989F02CB8A5D}.Debug|Any CPU.Build.0 = Debug|Any CPU
		{10416FEE-1E48-4B7C-B692-989F02CB8A5D}.Debug|Any CPU.Deploy.0 = Debug|Any CPU
		{10416FEE-1E48-4B7C-B692-989F02CB8A5D}.Debug|ARM.ActiveCfg = Debug|Any CPU
		{10416FEE-1E48-4B7C-B692-989F02CB8A5D}.Debug|ARM.Build.0 = Debug|Any CPU
		{10416FEE-1E48-4B7C-B692-989F02CB8A5D}.Debug|ARM.Deploy.0 = Debug|Any CPU
		{10416FEE-1E48-4B7C-B692-989F02CB8A5D}.Debug|iPhone.ActiveCfg = Debug|Any CPU
		{10416FEE-1E48-4B7C-B692-989F02CB8A5D}.Debug|iPhoneSimulator.ActiveCfg = Debug|Any CPU
		{10416FEE-1E48-4B7C-B692-989F02CB8A5D}.Debug|x64.ActiveCfg = Debug|Any CPU
		{10416FEE-1E48-4B7C-B692-989F02CB8A5D}.Debug|x64.Build.0 = Debug|Any CPU
		{10416FEE-1E48-4B7C-B692-989F02CB8A5D}.Debug|x64.Deploy.0 = Debug|Any CPU
		{10416FEE-1E48-4B7C-B692-989F02CB8A5D}.Debug|x86.ActiveCfg = Debug|Any CPU
		{10416FEE-1E48-4B7C-B692-989F02CB8A5D}.Release|Any CPU.ActiveCfg = Release|Any CPU
		{10416FEE-1E48-4B7C-B692-989F02CB8A5D}.Release|Any CPU.Build.0 = Release|Any CPU
		{10416FEE-1E48-4B7C-B692-989F02CB8A5D}.Release|Any CPU.Deploy.0 = Release|Any CPU
		{10416FEE-1E48-4B7C-B692-989F02CB8A5D}.Release|ARM.ActiveCfg = Release|Any CPU
		{10416FEE-1E48-4B7C-B692-989F02CB8A5D}.Release|ARM.Build.0 = Release|Any CPU
		{10416FEE-1E48-4B7C-B692-989F02CB8A5D}.Release|ARM.Deploy.0 = Release|Any CPU
		{10416FEE-1E48-4B7C-B692-989F02CB8A5D}.Release|iPhone.ActiveCfg = Release|Any CPU
		{10416FEE-1E48-4B7C-B692-989F02CB8A5D}.Release|iPhoneSimulator.ActiveCfg = Release|Any CPU
		{10416FEE-1E48-4B7C-B692-989F02CB8A5D}.Release|x64.ActiveCfg = Release|Any CPU
		{10416FEE-1E48-4B7C-B692-989F02CB8A5D}.Release|x64.Build.0 = Release|Any CPU
		{10416FEE-1E48-4B7C-B692-989F02CB8A5D}.Release|x64.Deploy.0 = Release|Any CPU
		{10416FEE-1E48-4B7C-B692-989F02CB8A5D}.Release|x86.ActiveCfg = Release|Any CPU
		{3AF7FC35-4417-4B35-9D99-25FFE7D9E564}.Ad-Hoc|Any CPU.ActiveCfg = Ad-Hoc|iPhone
		{3AF7FC35-4417-4B35-9D99-25FFE7D9E564}.Ad-Hoc|ARM.ActiveCfg = Ad-Hoc|iPhone
		{3AF7FC35-4417-4B35-9D99-25FFE7D9E564}.Ad-Hoc|iPhone.ActiveCfg = Ad-Hoc|iPhone
		{3AF7FC35-4417-4B35-9D99-25FFE7D9E564}.Ad-Hoc|iPhone.Build.0 = Ad-Hoc|iPhone
		{3AF7FC35-4417-4B35-9D99-25FFE7D9E564}.Ad-Hoc|iPhoneSimulator.ActiveCfg = Ad-Hoc|iPhoneSimulator
		{3AF7FC35-4417-4B35-9D99-25FFE7D9E564}.Ad-Hoc|iPhoneSimulator.Build.0 = Ad-Hoc|iPhoneSimulator
		{3AF7FC35-4417-4B35-9D99-25FFE7D9E564}.Ad-Hoc|x64.ActiveCfg = Ad-Hoc|iPhone
		{3AF7FC35-4417-4B35-9D99-25FFE7D9E564}.Ad-Hoc|x86.ActiveCfg = Ad-Hoc|iPhone
		{3AF7FC35-4417-4B35-9D99-25FFE7D9E564}.AppStore|Any CPU.ActiveCfg = AppStore|iPhone
		{3AF7FC35-4417-4B35-9D99-25FFE7D9E564}.AppStore|ARM.ActiveCfg = AppStore|iPhone
		{3AF7FC35-4417-4B35-9D99-25FFE7D9E564}.AppStore|iPhone.ActiveCfg = AppStore|iPhone
		{3AF7FC35-4417-4B35-9D99-25FFE7D9E564}.AppStore|iPhone.Build.0 = AppStore|iPhone
		{3AF7FC35-4417-4B35-9D99-25FFE7D9E564}.AppStore|iPhoneSimulator.ActiveCfg = AppStore|iPhoneSimulator
		{3AF7FC35-4417-4B35-9D99-25FFE7D9E564}.AppStore|iPhoneSimulator.Build.0 = AppStore|iPhoneSimulator
		{3AF7FC35-4417-4B35-9D99-25FFE7D9E564}.AppStore|x64.ActiveCfg = AppStore|iPhone
		{3AF7FC35-4417-4B35-9D99-25FFE7D9E564}.AppStore|x86.ActiveCfg = AppStore|iPhone
		{3AF7FC35-4417-4B35-9D99-25FFE7D9E564}.Debug|Any CPU.ActiveCfg = Debug|iPhone
		{3AF7FC35-4417-4B35-9D99-25FFE7D9E564}.Debug|ARM.ActiveCfg = Debug|iPhone
		{3AF7FC35-4417-4B35-9D99-25FFE7D9E564}.Debug|iPhone.ActiveCfg = Debug|iPhone
		{3AF7FC35-4417-4B35-9D99-25FFE7D9E564}.Debug|iPhone.Build.0 = Debug|iPhone
		{3AF7FC35-4417-4B35-9D99-25FFE7D9E564}.Debug|iPhoneSimulator.ActiveCfg = Debug|iPhoneSimulator
		{3AF7FC35-4417-4B35-9D99-25FFE7D9E564}.Debug|iPhoneSimulator.Build.0 = Debug|iPhoneSimulator
		{3AF7FC35-4417-4B35-9D99-25FFE7D9E564}.Debug|x64.ActiveCfg = Debug|iPhone
		{3AF7FC35-4417-4B35-9D99-25FFE7D9E564}.Debug|x86.ActiveCfg = Debug|iPhone
		{3AF7FC35-4417-4B35-9D99-25FFE7D9E564}.Release|Any CPU.ActiveCfg = Release|iPhone
		{3AF7FC35-4417-4B35-9D99-25FFE7D9E564}.Release|ARM.ActiveCfg = Release|iPhone
		{3AF7FC35-4417-4B35-9D99-25FFE7D9E564}.Release|iPhone.ActiveCfg = Release|iPhone
		{3AF7FC35-4417-4B35-9D99-25FFE7D9E564}.Release|iPhone.Build.0 = Release|iPhone
		{3AF7FC35-4417-4B35-9D99-25FFE7D9E564}.Release|iPhoneSimulator.ActiveCfg = Release|iPhoneSimulator
		{3AF7FC35-4417-4B35-9D99-25FFE7D9E564}.Release|iPhoneSimulator.Build.0 = Release|iPhoneSimulator
		{3AF7FC35-4417-4B35-9D99-25FFE7D9E564}.Release|x64.ActiveCfg = Release|iPhone
		{3AF7FC35-4417-4B35-9D99-25FFE7D9E564}.Release|x86.ActiveCfg = Release|iPhone
		{ACC31079-D632-4CA6-AC3C-54DE0E3960CF}.Ad-Hoc|Any CPU.ActiveCfg = Release|Any CPU
		{ACC31079-D632-4CA6-AC3C-54DE0E3960CF}.Ad-Hoc|Any CPU.Build.0 = Release|Any CPU
		{ACC31079-D632-4CA6-AC3C-54DE0E3960CF}.Ad-Hoc|Any CPU.Deploy.0 = Release|Any CPU
		{ACC31079-D632-4CA6-AC3C-54DE0E3960CF}.Ad-Hoc|ARM.ActiveCfg = Release|ARM
		{ACC31079-D632-4CA6-AC3C-54DE0E3960CF}.Ad-Hoc|ARM.Build.0 = Release|ARM
		{ACC31079-D632-4CA6-AC3C-54DE0E3960CF}.Ad-Hoc|ARM.Deploy.0 = Release|ARM
		{ACC31079-D632-4CA6-AC3C-54DE0E3960CF}.Ad-Hoc|iPhone.ActiveCfg = Release|Any CPU
		{ACC31079-D632-4CA6-AC3C-54DE0E3960CF}.Ad-Hoc|iPhone.Build.0 = Release|Any CPU
		{ACC31079-D632-4CA6-AC3C-54DE0E3960CF}.Ad-Hoc|iPhone.Deploy.0 = Release|Any CPU
		{ACC31079-D632-4CA6-AC3C-54DE0E3960CF}.Ad-Hoc|iPhoneSimulator.ActiveCfg = Release|Any CPU
		{ACC31079-D632-4CA6-AC3C-54DE0E3960CF}.Ad-Hoc|iPhoneSimulator.Build.0 = Release|Any CPU
		{ACC31079-D632-4CA6-AC3C-54DE0E3960CF}.Ad-Hoc|iPhoneSimulator.Deploy.0 = Release|Any CPU
		{ACC31079-D632-4CA6-AC3C-54DE0E3960CF}.Ad-Hoc|x64.ActiveCfg = Release|Any CPU
		{ACC31079-D632-4CA6-AC3C-54DE0E3960CF}.Ad-Hoc|x64.Build.0 = Release|Any CPU
		{ACC31079-D632-4CA6-AC3C-54DE0E3960CF}.Ad-Hoc|x64.Deploy.0 = Release|Any CPU
		{ACC31079-D632-4CA6-AC3C-54DE0E3960CF}.Ad-Hoc|x86.ActiveCfg = Release|x86
		{ACC31079-D632-4CA6-AC3C-54DE0E3960CF}.Ad-Hoc|x86.Build.0 = Release|x86
		{ACC31079-D632-4CA6-AC3C-54DE0E3960CF}.Ad-Hoc|x86.Deploy.0 = Release|x86
		{ACC31079-D632-4CA6-AC3C-54DE0E3960CF}.AppStore|Any CPU.ActiveCfg = Release|Any CPU
		{ACC31079-D632-4CA6-AC3C-54DE0E3960CF}.AppStore|Any CPU.Build.0 = Release|Any CPU
		{ACC31079-D632-4CA6-AC3C-54DE0E3960CF}.AppStore|Any CPU.Deploy.0 = Release|Any CPU
		{ACC31079-D632-4CA6-AC3C-54DE0E3960CF}.AppStore|ARM.ActiveCfg = Release|ARM
		{ACC31079-D632-4CA6-AC3C-54DE0E3960CF}.AppStore|ARM.Build.0 = Release|ARM
		{ACC31079-D632-4CA6-AC3C-54DE0E3960CF}.AppStore|ARM.Deploy.0 = Release|ARM
		{ACC31079-D632-4CA6-AC3C-54DE0E3960CF}.AppStore|iPhone.ActiveCfg = Release|Any CPU
		{ACC31079-D632-4CA6-AC3C-54DE0E3960CF}.AppStore|iPhone.Build.0 = Release|Any CPU
		{ACC31079-D632-4CA6-AC3C-54DE0E3960CF}.AppStore|iPhone.Deploy.0 = Release|Any CPU
		{ACC31079-D632-4CA6-AC3C-54DE0E3960CF}.AppStore|iPhoneSimulator.ActiveCfg = Release|Any CPU
		{ACC31079-D632-4CA6-AC3C-54DE0E3960CF}.AppStore|iPhoneSimulator.Build.0 = Release|Any CPU
		{ACC31079-D632-4CA6-AC3C-54DE0E3960CF}.AppStore|iPhoneSimulator.Deploy.0 = Release|Any CPU
		{ACC31079-D632-4CA6-AC3C-54DE0E3960CF}.AppStore|x64.ActiveCfg = Release|Any CPU
		{ACC31079-D632-4CA6-AC3C-54DE0E3960CF}.AppStore|x64.Build.0 = Release|Any CPU
		{ACC31079-D632-4CA6-AC3C-54DE0E3960CF}.AppStore|x64.Deploy.0 = Release|Any CPU
		{ACC31079-D632-4CA6-AC3C-54DE0E3960CF}.AppStore|x86.ActiveCfg = Release|x86
		{ACC31079-D632-4CA6-AC3C-54DE0E3960CF}.AppStore|x86.Build.0 = Release|x86
		{ACC31079-D632-4CA6-AC3C-54DE0E3960CF}.AppStore|x86.Deploy.0 = Release|x86
		{ACC31079-D632-4CA6-AC3C-54DE0E3960CF}.Debug|Any CPU.ActiveCfg = Debug|Any CPU
		{ACC31079-D632-4CA6-AC3C-54DE0E3960CF}.Debug|ARM.ActiveCfg = Debug|ARM
		{ACC31079-D632-4CA6-AC3C-54DE0E3960CF}.Debug|ARM.Build.0 = Debug|ARM
		{ACC31079-D632-4CA6-AC3C-54DE0E3960CF}.Debug|ARM.Deploy.0 = Debug|ARM
		{ACC31079-D632-4CA6-AC3C-54DE0E3960CF}.Debug|iPhone.ActiveCfg = Debug|Any CPU
		{ACC31079-D632-4CA6-AC3C-54DE0E3960CF}.Debug|iPhoneSimulator.ActiveCfg = Debug|Any CPU
		{ACC31079-D632-4CA6-AC3C-54DE0E3960CF}.Debug|x64.ActiveCfg = Debug|Any CPU
		{ACC31079-D632-4CA6-AC3C-54DE0E3960CF}.Debug|x64.Build.0 = Debug|Any CPU
		{ACC31079-D632-4CA6-AC3C-54DE0E3960CF}.Debug|x64.Deploy.0 = Debug|Any CPU
		{ACC31079-D632-4CA6-AC3C-54DE0E3960CF}.Debug|x86.ActiveCfg = Debug|x86
		{ACC31079-D632-4CA6-AC3C-54DE0E3960CF}.Debug|x86.Build.0 = Debug|x86
		{ACC31079-D632-4CA6-AC3C-54DE0E3960CF}.Debug|x86.Deploy.0 = Debug|x86
		{ACC31079-D632-4CA6-AC3C-54DE0E3960CF}.Release|Any CPU.ActiveCfg = Release|Any CPU
		{ACC31079-D632-4CA6-AC3C-54DE0E3960CF}.Release|ARM.ActiveCfg = Release|ARM
		{ACC31079-D632-4CA6-AC3C-54DE0E3960CF}.Release|ARM.Build.0 = Release|ARM
		{ACC31079-D632-4CA6-AC3C-54DE0E3960CF}.Release|ARM.Deploy.0 = Release|ARM
		{ACC31079-D632-4CA6-AC3C-54DE0E3960CF}.Release|iPhone.ActiveCfg = Release|Any CPU
		{ACC31079-D632-4CA6-AC3C-54DE0E3960CF}.Release|iPhoneSimulator.ActiveCfg = Release|Any CPU
		{ACC31079-D632-4CA6-AC3C-54DE0E3960CF}.Release|x64.ActiveCfg = Release|Any CPU
		{ACC31079-D632-4CA6-AC3C-54DE0E3960CF}.Release|x64.Build.0 = Release|Any CPU
		{ACC31079-D632-4CA6-AC3C-54DE0E3960CF}.Release|x64.Deploy.0 = Release|Any CPU
		{ACC31079-D632-4CA6-AC3C-54DE0E3960CF}.Release|x86.ActiveCfg = Release|x86
		{ACC31079-D632-4CA6-AC3C-54DE0E3960CF}.Release|x86.Build.0 = Release|x86
		{ACC31079-D632-4CA6-AC3C-54DE0E3960CF}.Release|x86.Deploy.0 = Release|x86
		{DDA96AC5-1CE6-4810-9421-8627B679F1AB}.Ad-Hoc|Any CPU.ActiveCfg = Release|x86
		{DDA96AC5-1CE6-4810-9421-8627B679F1AB}.Ad-Hoc|Any CPU.Build.0 = Release|x86
		{DDA96AC5-1CE6-4810-9421-8627B679F1AB}.Ad-Hoc|Any CPU.Deploy.0 = Release|x86
		{DDA96AC5-1CE6-4810-9421-8627B679F1AB}.Ad-Hoc|ARM.ActiveCfg = Release|ARM
		{DDA96AC5-1CE6-4810-9421-8627B679F1AB}.Ad-Hoc|ARM.Build.0 = Release|ARM
		{DDA96AC5-1CE6-4810-9421-8627B679F1AB}.Ad-Hoc|ARM.Deploy.0 = Release|ARM
		{DDA96AC5-1CE6-4810-9421-8627B679F1AB}.Ad-Hoc|iPhone.ActiveCfg = Release|x86
		{DDA96AC5-1CE6-4810-9421-8627B679F1AB}.Ad-Hoc|iPhone.Build.0 = Release|x86
		{DDA96AC5-1CE6-4810-9421-8627B679F1AB}.Ad-Hoc|iPhone.Deploy.0 = Release|x86
		{DDA96AC5-1CE6-4810-9421-8627B679F1AB}.Ad-Hoc|iPhoneSimulator.ActiveCfg = Release|x86
		{DDA96AC5-1CE6-4810-9421-8627B679F1AB}.Ad-Hoc|iPhoneSimulator.Build.0 = Release|x86
		{DDA96AC5-1CE6-4810-9421-8627B679F1AB}.Ad-Hoc|iPhoneSimulator.Deploy.0 = Release|x86
		{DDA96AC5-1CE6-4810-9421-8627B679F1AB}.Ad-Hoc|x64.ActiveCfg = Release|x64
		{DDA96AC5-1CE6-4810-9421-8627B679F1AB}.Ad-Hoc|x64.Build.0 = Release|x64
		{DDA96AC5-1CE6-4810-9421-8627B679F1AB}.Ad-Hoc|x64.Deploy.0 = Release|x64
		{DDA96AC5-1CE6-4810-9421-8627B679F1AB}.Ad-Hoc|x86.ActiveCfg = Release|x86
		{DDA96AC5-1CE6-4810-9421-8627B679F1AB}.Ad-Hoc|x86.Build.0 = Release|x86
		{DDA96AC5-1CE6-4810-9421-8627B679F1AB}.Ad-Hoc|x86.Deploy.0 = Release|x86
		{DDA96AC5-1CE6-4810-9421-8627B679F1AB}.AppStore|Any CPU.ActiveCfg = Release|x86
		{DDA96AC5-1CE6-4810-9421-8627B679F1AB}.AppStore|Any CPU.Build.0 = Release|x86
		{DDA96AC5-1CE6-4810-9421-8627B679F1AB}.AppStore|Any CPU.Deploy.0 = Release|x86
		{DDA96AC5-1CE6-4810-9421-8627B679F1AB}.AppStore|ARM.ActiveCfg = Release|ARM
		{DDA96AC5-1CE6-4810-9421-8627B679F1AB}.AppStore|ARM.Build.0 = Release|ARM
		{DDA96AC5-1CE6-4810-9421-8627B679F1AB}.AppStore|ARM.Deploy.0 = Release|ARM
		{DDA96AC5-1CE6-4810-9421-8627B679F1AB}.AppStore|iPhone.ActiveCfg = Release|x86
		{DDA96AC5-1CE6-4810-9421-8627B679F1AB}.AppStore|iPhone.Build.0 = Release|x86
		{DDA96AC5-1CE6-4810-9421-8627B679F1AB}.AppStore|iPhone.Deploy.0 = Release|x86
		{DDA96AC5-1CE6-4810-9421-8627B679F1AB}.AppStore|iPhoneSimulator.ActiveCfg = Release|x86
		{DDA96AC5-1CE6-4810-9421-8627B679F1AB}.AppStore|iPhoneSimulator.Build.0 = Release|x86
		{DDA96AC5-1CE6-4810-9421-8627B679F1AB}.AppStore|iPhoneSimulator.Deploy.0 = Release|x86
		{DDA96AC5-1CE6-4810-9421-8627B679F1AB}.AppStore|x64.ActiveCfg = Release|x64
		{DDA96AC5-1CE6-4810-9421-8627B679F1AB}.AppStore|x64.Build.0 = Release|x64
		{DDA96AC5-1CE6-4810-9421-8627B679F1AB}.AppStore|x64.Deploy.0 = Release|x64
		{DDA96AC5-1CE6-4810-9421-8627B679F1AB}.AppStore|x86.ActiveCfg = Release|x86
		{DDA96AC5-1CE6-4810-9421-8627B679F1AB}.AppStore|x86.Build.0 = Release|x86
		{DDA96AC5-1CE6-4810-9421-8627B679F1AB}.AppStore|x86.Deploy.0 = Release|x86
		{DDA96AC5-1CE6-4810-9421-8627B679F1AB}.Debug|Any CPU.ActiveCfg = Debug|x86
		{DDA96AC5-1CE6-4810-9421-8627B679F1AB}.Debug|ARM.ActiveCfg = Debug|ARM
		{DDA96AC5-1CE6-4810-9421-8627B679F1AB}.Debug|ARM.Build.0 = Debug|ARM
		{DDA96AC5-1CE6-4810-9421-8627B679F1AB}.Debug|ARM.Deploy.0 = Debug|ARM
		{DDA96AC5-1CE6-4810-9421-8627B679F1AB}.Debug|iPhone.ActiveCfg = Debug|x86
		{DDA96AC5-1CE6-4810-9421-8627B679F1AB}.Debug|iPhoneSimulator.ActiveCfg = Debug|x86
		{DDA96AC5-1CE6-4810-9421-8627B679F1AB}.Debug|x64.ActiveCfg = Debug|x64
		{DDA96AC5-1CE6-4810-9421-8627B679F1AB}.Debug|x64.Build.0 = Debug|x64
		{DDA96AC5-1CE6-4810-9421-8627B679F1AB}.Debug|x64.Deploy.0 = Debug|x64
		{DDA96AC5-1CE6-4810-9421-8627B679F1AB}.Debug|x86.ActiveCfg = Debug|x86
		{DDA96AC5-1CE6-4810-9421-8627B679F1AB}.Debug|x86.Build.0 = Debug|x86
		{DDA96AC5-1CE6-4810-9421-8627B679F1AB}.Debug|x86.Deploy.0 = Debug|x86
		{DDA96AC5-1CE6-4810-9421-8627B679F1AB}.Release|Any CPU.ActiveCfg = Release|x86
		{DDA96AC5-1CE6-4810-9421-8627B679F1AB}.Release|ARM.ActiveCfg = Release|ARM
		{DDA96AC5-1CE6-4810-9421-8627B679F1AB}.Release|ARM.Build.0 = Release|ARM
		{DDA96AC5-1CE6-4810-9421-8627B679F1AB}.Release|ARM.Deploy.0 = Release|ARM
		{DDA96AC5-1CE6-4810-9421-8627B679F1AB}.Release|iPhone.ActiveCfg = Release|x86
		{DDA96AC5-1CE6-4810-9421-8627B679F1AB}.Release|iPhoneSimulator.ActiveCfg = Release|x86
		{DDA96AC5-1CE6-4810-9421-8627B679F1AB}.Release|x64.ActiveCfg = Release|x64
		{DDA96AC5-1CE6-4810-9421-8627B679F1AB}.Release|x64.Build.0 = Release|x64
		{DDA96AC5-1CE6-4810-9421-8627B679F1AB}.Release|x64.Deploy.0 = Release|x64
		{DDA96AC5-1CE6-4810-9421-8627B679F1AB}.Release|x86.ActiveCfg = Release|x86
		{DDA96AC5-1CE6-4810-9421-8627B679F1AB}.Release|x86.Build.0 = Release|x86
		{DDA96AC5-1CE6-4810-9421-8627B679F1AB}.Release|x86.Deploy.0 = Release|x86
		{98676EF5-6FD3-4ED8-A0B5-D656A032C197}.Ad-Hoc|Any CPU.ActiveCfg = Release|Any CPU
		{98676EF5-6FD3-4ED8-A0B5-D656A032C197}.Ad-Hoc|Any CPU.Build.0 = Release|Any CPU
		{98676EF5-6FD3-4ED8-A0B5-D656A032C197}.Ad-Hoc|Any CPU.Deploy.0 = Release|Any CPU
		{98676EF5-6FD3-4ED8-A0B5-D656A032C197}.Ad-Hoc|ARM.ActiveCfg = Release|ARM
		{98676EF5-6FD3-4ED8-A0B5-D656A032C197}.Ad-Hoc|ARM.Build.0 = Release|ARM
		{98676EF5-6FD3-4ED8-A0B5-D656A032C197}.Ad-Hoc|ARM.Deploy.0 = Release|ARM
		{98676EF5-6FD3-4ED8-A0B5-D656A032C197}.Ad-Hoc|iPhone.ActiveCfg = Release|Any CPU
		{98676EF5-6FD3-4ED8-A0B5-D656A032C197}.Ad-Hoc|iPhone.Build.0 = Release|Any CPU
		{98676EF5-6FD3-4ED8-A0B5-D656A032C197}.Ad-Hoc|iPhone.Deploy.0 = Release|Any CPU
		{98676EF5-6FD3-4ED8-A0B5-D656A032C197}.Ad-Hoc|iPhoneSimulator.ActiveCfg = Release|Any CPU
		{98676EF5-6FD3-4ED8-A0B5-D656A032C197}.Ad-Hoc|iPhoneSimulator.Build.0 = Release|Any CPU
		{98676EF5-6FD3-4ED8-A0B5-D656A032C197}.Ad-Hoc|iPhoneSimulator.Deploy.0 = Release|Any CPU
		{98676EF5-6FD3-4ED8-A0B5-D656A032C197}.Ad-Hoc|x64.ActiveCfg = Release|x64
		{98676EF5-6FD3-4ED8-A0B5-D656A032C197}.Ad-Hoc|x64.Build.0 = Release|x64
		{98676EF5-6FD3-4ED8-A0B5-D656A032C197}.Ad-Hoc|x64.Deploy.0 = Release|x64
		{98676EF5-6FD3-4ED8-A0B5-D656A032C197}.Ad-Hoc|x86.ActiveCfg = Release|x86
		{98676EF5-6FD3-4ED8-A0B5-D656A032C197}.Ad-Hoc|x86.Build.0 = Release|x86
		{98676EF5-6FD3-4ED8-A0B5-D656A032C197}.Ad-Hoc|x86.Deploy.0 = Release|x86
		{98676EF5-6FD3-4ED8-A0B5-D656A032C197}.AppStore|Any CPU.ActiveCfg = Release|Any CPU
		{98676EF5-6FD3-4ED8-A0B5-D656A032C197}.AppStore|Any CPU.Build.0 = Release|Any CPU
		{98676EF5-6FD3-4ED8-A0B5-D656A032C197}.AppStore|Any CPU.Deploy.0 = Release|Any CPU
		{98676EF5-6FD3-4ED8-A0B5-D656A032C197}.AppStore|ARM.ActiveCfg = Release|ARM
		{98676EF5-6FD3-4ED8-A0B5-D656A032C197}.AppStore|ARM.Build.0 = Release|ARM
		{98676EF5-6FD3-4ED8-A0B5-D656A032C197}.AppStore|ARM.Deploy.0 = Release|ARM
		{98676EF5-6FD3-4ED8-A0B5-D656A032C197}.AppStore|iPhone.ActiveCfg = Release|Any CPU
		{98676EF5-6FD3-4ED8-A0B5-D656A032C197}.AppStore|iPhone.Build.0 = Release|Any CPU
		{98676EF5-6FD3-4ED8-A0B5-D656A032C197}.AppStore|iPhone.Deploy.0 = Release|Any CPU
		{98676EF5-6FD3-4ED8-A0B5-D656A032C197}.AppStore|iPhoneSimulator.ActiveCfg = Release|Any CPU
		{98676EF5-6FD3-4ED8-A0B5-D656A032C197}.AppStore|iPhoneSimulator.Build.0 = Release|Any CPU
		{98676EF5-6FD3-4ED8-A0B5-D656A032C197}.AppStore|iPhoneSimulator.Deploy.0 = Release|Any CPU
		{98676EF5-6FD3-4ED8-A0B5-D656A032C197}.AppStore|x64.ActiveCfg = Release|x64
		{98676EF5-6FD3-4ED8-A0B5-D656A032C197}.AppStore|x64.Build.0 = Release|x64
		{98676EF5-6FD3-4ED8-A0B5-D656A032C197}.AppStore|x64.Deploy.0 = Release|x64
		{98676EF5-6FD3-4ED8-A0B5-D656A032C197}.AppStore|x86.ActiveCfg = Release|x86
		{98676EF5-6FD3-4ED8-A0B5-D656A032C197}.AppStore|x86.Build.0 = Release|x86
		{98676EF5-6FD3-4ED8-A0B5-D656A032C197}.AppStore|x86.Deploy.0 = Release|x86
		{98676EF5-6FD3-4ED8-A0B5-D656A032C197}.Debug|Any CPU.ActiveCfg = Debug|Any CPU
		{98676EF5-6FD3-4ED8-A0B5-D656A032C197}.Debug|ARM.ActiveCfg = Debug|ARM
		{98676EF5-6FD3-4ED8-A0B5-D656A032C197}.Debug|ARM.Build.0 = Debug|ARM
		{98676EF5-6FD3-4ED8-A0B5-D656A032C197}.Debug|ARM.Deploy.0 = Debug|ARM
		{98676EF5-6FD3-4ED8-A0B5-D656A032C197}.Debug|iPhone.ActiveCfg = Debug|Any CPU
		{98676EF5-6FD3-4ED8-A0B5-D656A032C197}.Debug|iPhoneSimulator.ActiveCfg = Debug|Any CPU
		{98676EF5-6FD3-4ED8-A0B5-D656A032C197}.Debug|x64.ActiveCfg = Debug|x64
		{98676EF5-6FD3-4ED8-A0B5-D656A032C197}.Debug|x64.Build.0 = Debug|x64
		{98676EF5-6FD3-4ED8-A0B5-D656A032C197}.Debug|x64.Deploy.0 = Debug|x64
		{98676EF5-6FD3-4ED8-A0B5-D656A032C197}.Debug|x86.ActiveCfg = Debug|x86
		{98676EF5-6FD3-4ED8-A0B5-D656A032C197}.Debug|x86.Build.0 = Debug|x86
		{98676EF5-6FD3-4ED8-A0B5-D656A032C197}.Debug|x86.Deploy.0 = Debug|x86
		{98676EF5-6FD3-4ED8-A0B5-D656A032C197}.Release|Any CPU.ActiveCfg = Release|Any CPU
		{98676EF5-6FD3-4ED8-A0B5-D656A032C197}.Release|ARM.ActiveCfg = Release|ARM
		{98676EF5-6FD3-4ED8-A0B5-D656A032C197}.Release|ARM.Build.0 = Release|ARM
		{98676EF5-6FD3-4ED8-A0B5-D656A032C197}.Release|ARM.Deploy.0 = Release|ARM
		{98676EF5-6FD3-4ED8-A0B5-D656A032C197}.Release|iPhone.ActiveCfg = Release|Any CPU
		{98676EF5-6FD3-4ED8-A0B5-D656A032C197}.Release|iPhoneSimulator.ActiveCfg = Release|Any CPU
		{98676EF5-6FD3-4ED8-A0B5-D656A032C197}.Release|x64.ActiveCfg = Release|x64
		{98676EF5-6FD3-4ED8-A0B5-D656A032C197}.Release|x64.Build.0 = Release|x64
		{98676EF5-6FD3-4ED8-A0B5-D656A032C197}.Release|x64.Deploy.0 = Release|x64
		{98676EF5-6FD3-4ED8-A0B5-D656A032C197}.Release|x86.ActiveCfg = Release|x86
		{98676EF5-6FD3-4ED8-A0B5-D656A032C197}.Release|x86.Build.0 = Release|x86
		{98676EF5-6FD3-4ED8-A0B5-D656A032C197}.Release|x86.Deploy.0 = Release|x86
		{36F78299-6D16-4787-887A-C2A14249166D}.Ad-Hoc|Any CPU.ActiveCfg = Release|Any CPU
		{36F78299-6D16-4787-887A-C2A14249166D}.Ad-Hoc|Any CPU.Build.0 = Release|Any CPU
		{36F78299-6D16-4787-887A-C2A14249166D}.Ad-Hoc|ARM.ActiveCfg = Release|Any CPU
		{36F78299-6D16-4787-887A-C2A14249166D}.Ad-Hoc|ARM.Build.0 = Release|Any CPU
		{36F78299-6D16-4787-887A-C2A14249166D}.Ad-Hoc|iPhone.ActiveCfg = Release|Any CPU
		{36F78299-6D16-4787-887A-C2A14249166D}.Ad-Hoc|iPhone.Build.0 = Release|Any CPU
		{36F78299-6D16-4787-887A-C2A14249166D}.Ad-Hoc|iPhoneSimulator.ActiveCfg = Release|Any CPU
		{36F78299-6D16-4787-887A-C2A14249166D}.Ad-Hoc|iPhoneSimulator.Build.0 = Release|Any CPU
		{36F78299-6D16-4787-887A-C2A14249166D}.Ad-Hoc|x64.ActiveCfg = Release|Any CPU
		{36F78299-6D16-4787-887A-C2A14249166D}.Ad-Hoc|x64.Build.0 = Release|Any CPU
		{36F78299-6D16-4787-887A-C2A14249166D}.Ad-Hoc|x86.ActiveCfg = Release|Any CPU
		{36F78299-6D16-4787-887A-C2A14249166D}.Ad-Hoc|x86.Build.0 = Release|Any CPU
		{36F78299-6D16-4787-887A-C2A14249166D}.AppStore|Any CPU.ActiveCfg = Release|Any CPU
		{36F78299-6D16-4787-887A-C2A14249166D}.AppStore|Any CPU.Build.0 = Release|Any CPU
		{36F78299-6D16-4787-887A-C2A14249166D}.AppStore|ARM.ActiveCfg = Release|Any CPU
		{36F78299-6D16-4787-887A-C2A14249166D}.AppStore|ARM.Build.0 = Release|Any CPU
		{36F78299-6D16-4787-887A-C2A14249166D}.AppStore|iPhone.ActiveCfg = Release|Any CPU
		{36F78299-6D16-4787-887A-C2A14249166D}.AppStore|iPhone.Build.0 = Release|Any CPU
		{36F78299-6D16-4787-887A-C2A14249166D}.AppStore|iPhoneSimulator.ActiveCfg = Release|Any CPU
		{36F78299-6D16-4787-887A-C2A14249166D}.AppStore|iPhoneSimulator.Build.0 = Release|Any CPU
		{36F78299-6D16-4787-887A-C2A14249166D}.AppStore|x64.ActiveCfg = Release|Any CPU
		{36F78299-6D16-4787-887A-C2A14249166D}.AppStore|x64.Build.0 = Release|Any CPU
		{36F78299-6D16-4787-887A-C2A14249166D}.AppStore|x86.ActiveCfg = Release|Any CPU
		{36F78299-6D16-4787-887A-C2A14249166D}.AppStore|x86.Build.0 = Release|Any CPU
		{36F78299-6D16-4787-887A-C2A14249166D}.Debug|Any CPU.ActiveCfg = Debug|Any CPU
		{36F78299-6D16-4787-887A-C2A14249166D}.Debug|Any CPU.Build.0 = Debug|Any CPU
		{36F78299-6D16-4787-887A-C2A14249166D}.Debug|ARM.ActiveCfg = Debug|Any CPU
		{36F78299-6D16-4787-887A-C2A14249166D}.Debug|ARM.Build.0 = Debug|Any CPU
		{36F78299-6D16-4787-887A-C2A14249166D}.Debug|iPhone.ActiveCfg = Debug|Any CPU
		{36F78299-6D16-4787-887A-C2A14249166D}.Debug|iPhone.Build.0 = Debug|Any CPU
		{36F78299-6D16-4787-887A-C2A14249166D}.Debug|iPhoneSimulator.ActiveCfg = Debug|Any CPU
		{36F78299-6D16-4787-887A-C2A14249166D}.Debug|iPhoneSimulator.Build.0 = Debug|Any CPU
		{36F78299-6D16-4787-887A-C2A14249166D}.Debug|x64.ActiveCfg = Debug|Any CPU
		{36F78299-6D16-4787-887A-C2A14249166D}.Debug|x64.Build.0 = Debug|Any CPU
		{36F78299-6D16-4787-887A-C2A14249166D}.Debug|x86.ActiveCfg = Debug|Any CPU
		{36F78299-6D16-4787-887A-C2A14249166D}.Debug|x86.Build.0 = Debug|Any CPU
		{36F78299-6D16-4787-887A-C2A14249166D}.Release|Any CPU.ActiveCfg = Release|Any CPU
		{36F78299-6D16-4787-887A-C2A14249166D}.Release|Any CPU.Build.0 = Release|Any CPU
		{36F78299-6D16-4787-887A-C2A14249166D}.Release|ARM.ActiveCfg = Release|Any CPU
		{36F78299-6D16-4787-887A-C2A14249166D}.Release|ARM.Build.0 = Release|Any CPU
		{36F78299-6D16-4787-887A-C2A14249166D}.Release|iPhone.ActiveCfg = Release|Any CPU
		{36F78299-6D16-4787-887A-C2A14249166D}.Release|iPhone.Build.0 = Release|Any CPU
		{36F78299-6D16-4787-887A-C2A14249166D}.Release|iPhoneSimulator.ActiveCfg = Release|Any CPU
		{36F78299-6D16-4787-887A-C2A14249166D}.Release|iPhoneSimulator.Build.0 = Release|Any CPU
		{36F78299-6D16-4787-887A-C2A14249166D}.Release|x64.ActiveCfg = Release|Any CPU
		{36F78299-6D16-4787-887A-C2A14249166D}.Release|x64.Build.0 = Release|Any CPU
		{36F78299-6D16-4787-887A-C2A14249166D}.Release|x86.ActiveCfg = Release|Any CPU
		{36F78299-6D16-4787-887A-C2A14249166D}.Release|x86.Build.0 = Release|Any CPU
		{56D73D2B-D9C1-4B62-9089-F1294F7C3794}.Ad-Hoc|Any CPU.ActiveCfg = Release|Any CPU
		{56D73D2B-D9C1-4B62-9089-F1294F7C3794}.Ad-Hoc|Any CPU.Build.0 = Release|Any CPU
		{56D73D2B-D9C1-4B62-9089-F1294F7C3794}.Ad-Hoc|ARM.ActiveCfg = Release|Any CPU
		{56D73D2B-D9C1-4B62-9089-F1294F7C3794}.Ad-Hoc|ARM.Build.0 = Release|Any CPU
		{56D73D2B-D9C1-4B62-9089-F1294F7C3794}.Ad-Hoc|iPhone.ActiveCfg = Release|Any CPU
		{56D73D2B-D9C1-4B62-9089-F1294F7C3794}.Ad-Hoc|iPhone.Build.0 = Release|Any CPU
		{56D73D2B-D9C1-4B62-9089-F1294F7C3794}.Ad-Hoc|iPhoneSimulator.ActiveCfg = Release|Any CPU
		{56D73D2B-D9C1-4B62-9089-F1294F7C3794}.Ad-Hoc|iPhoneSimulator.Build.0 = Release|Any CPU
		{56D73D2B-D9C1-4B62-9089-F1294F7C3794}.Ad-Hoc|x64.ActiveCfg = Release|Any CPU
		{56D73D2B-D9C1-4B62-9089-F1294F7C3794}.Ad-Hoc|x64.Build.0 = Release|Any CPU
		{56D73D2B-D9C1-4B62-9089-F1294F7C3794}.Ad-Hoc|x86.ActiveCfg = Release|Any CPU
		{56D73D2B-D9C1-4B62-9089-F1294F7C3794}.Ad-Hoc|x86.Build.0 = Release|Any CPU
		{56D73D2B-D9C1-4B62-9089-F1294F7C3794}.AppStore|Any CPU.ActiveCfg = Release|Any CPU
		{56D73D2B-D9C1-4B62-9089-F1294F7C3794}.AppStore|Any CPU.Build.0 = Release|Any CPU
		{56D73D2B-D9C1-4B62-9089-F1294F7C3794}.AppStore|ARM.ActiveCfg = Release|Any CPU
		{56D73D2B-D9C1-4B62-9089-F1294F7C3794}.AppStore|ARM.Build.0 = Release|Any CPU
		{56D73D2B-D9C1-4B62-9089-F1294F7C3794}.AppStore|iPhone.ActiveCfg = Release|Any CPU
		{56D73D2B-D9C1-4B62-9089-F1294F7C3794}.AppStore|iPhone.Build.0 = Release|Any CPU
		{56D73D2B-D9C1-4B62-9089-F1294F7C3794}.AppStore|iPhoneSimulator.ActiveCfg = Release|Any CPU
		{56D73D2B-D9C1-4B62-9089-F1294F7C3794}.AppStore|iPhoneSimulator.Build.0 = Release|Any CPU
		{56D73D2B-D9C1-4B62-9089-F1294F7C3794}.AppStore|x64.ActiveCfg = Release|Any CPU
		{56D73D2B-D9C1-4B62-9089-F1294F7C3794}.AppStore|x64.Build.0 = Release|Any CPU
		{56D73D2B-D9C1-4B62-9089-F1294F7C3794}.AppStore|x86.ActiveCfg = Release|Any CPU
		{56D73D2B-D9C1-4B62-9089-F1294F7C3794}.AppStore|x86.Build.0 = Release|Any CPU
		{56D73D2B-D9C1-4B62-9089-F1294F7C3794}.Debug|Any CPU.ActiveCfg = Debug|Any CPU
		{56D73D2B-D9C1-4B62-9089-F1294F7C3794}.Debug|Any CPU.Build.0 = Debug|Any CPU
		{56D73D2B-D9C1-4B62-9089-F1294F7C3794}.Debug|ARM.ActiveCfg = Debug|Any CPU
		{56D73D2B-D9C1-4B62-9089-F1294F7C3794}.Debug|ARM.Build.0 = Debug|Any CPU
		{56D73D2B-D9C1-4B62-9089-F1294F7C3794}.Debug|iPhone.ActiveCfg = Debug|Any CPU
		{56D73D2B-D9C1-4B62-9089-F1294F7C3794}.Debug|iPhone.Build.0 = Debug|Any CPU
		{56D73D2B-D9C1-4B62-9089-F1294F7C3794}.Debug|iPhoneSimulator.ActiveCfg = Debug|Any CPU
		{56D73D2B-D9C1-4B62-9089-F1294F7C3794}.Debug|iPhoneSimulator.Build.0 = Debug|Any CPU
		{56D73D2B-D9C1-4B62-9089-F1294F7C3794}.Debug|x64.ActiveCfg = Debug|Any CPU
		{56D73D2B-D9C1-4B62-9089-F1294F7C3794}.Debug|x64.Build.0 = Debug|Any CPU
		{56D73D2B-D9C1-4B62-9089-F1294F7C3794}.Debug|x86.ActiveCfg = Debug|Any CPU
		{56D73D2B-D9C1-4B62-9089-F1294F7C3794}.Debug|x86.Build.0 = Debug|Any CPU
		{56D73D2B-D9C1-4B62-9089-F1294F7C3794}.Release|Any CPU.ActiveCfg = Release|Any CPU
		{56D73D2B-D9C1-4B62-9089-F1294F7C3794}.Release|Any CPU.Build.0 = Release|Any CPU
		{56D73D2B-D9C1-4B62-9089-F1294F7C3794}.Release|ARM.ActiveCfg = Release|Any CPU
		{56D73D2B-D9C1-4B62-9089-F1294F7C3794}.Release|ARM.Build.0 = Release|Any CPU
		{56D73D2B-D9C1-4B62-9089-F1294F7C3794}.Release|iPhone.ActiveCfg = Release|Any CPU
		{56D73D2B-D9C1-4B62-9089-F1294F7C3794}.Release|iPhone.Build.0 = Release|Any CPU
		{56D73D2B-D9C1-4B62-9089-F1294F7C3794}.Release|iPhoneSimulator.ActiveCfg = Release|Any CPU
		{56D73D2B-D9C1-4B62-9089-F1294F7C3794}.Release|iPhoneSimulator.Build.0 = Release|Any CPU
		{56D73D2B-D9C1-4B62-9089-F1294F7C3794}.Release|x64.ActiveCfg = Release|Any CPU
		{56D73D2B-D9C1-4B62-9089-F1294F7C3794}.Release|x64.Build.0 = Release|Any CPU
		{56D73D2B-D9C1-4B62-9089-F1294F7C3794}.Release|x86.ActiveCfg = Release|Any CPU
		{56D73D2B-D9C1-4B62-9089-F1294F7C3794}.Release|x86.Build.0 = Release|Any CPU
	EndGlobalSection
	GlobalSection(SolutionProperties) = preSolution
		HideSolutionNode = FALSE
	EndGlobalSection
EndGlobal
